
Microsoft Visual Studio Solution File, Format Version 12.00
# Visual Studio Version 16
VisualStudioVersion = 16.0.30011.22
MinimumVisualStudioVersion = 10.0.40219.1
Project("{FAE04EC0-301F-11D3-BF4B-00C04F79EFBC}") = "Sample", ".\Sample\Sample.csproj", "{6047F46E-67EF-4684-AE08-1785A819DA21}"
EndProject
Project("{FAE04EC0-301F-11D3-BF4B-00C04F79EFBC}") = "Notifications", ".\Notifications\Notifications.csproj", "{170ADD19-FB5F-4FED-A25C-D764D26C1B21}"
EndProject
Global
	GlobalSection(SolutionConfigurationPlatforms) = preSolution
		Debug|Any CPU = Debug|Any CPU
		Release|Any CPU = Release|Any CPU
	EndGlobalSection
	GlobalSection(ProjectConfigurationPlatforms) = postSolution
		{6047F46E-67EF-4684-AE08-1785A819DA21}.Debug|Any CPU.ActiveCfg = Debug|Any CPU
		{6047F46E-67EF-4684-AE08-1785A819DA21}.Debug|Any CPU.Build.0 = Debug|Any CPU
		{6047F46E-67EF-4684-AE08-1785A819DA21}.Release|Any CPU.ActiveCfg = Release|Any CPU
		{6047F46E-67EF-4684-AE08-1785A819DA21}.Release|Any CPU.Build.0 = Release|Any CPU
		{170ADD19-FB5F-4FED-A25C-D764D26C1B21}.Debug|Any CPU.ActiveCfg = Debug|Any CPU
		{170ADD19-FB5F-4FED-A25C-D764D26C1B21}.Debug|Any CPU.Build.0 = Debug|Any CPU
		{170ADD19-FB5F-4FED-A25C-D764D26C1B21}.Release|Any CPU.ActiveCfg = Release|Any CPU
		{170ADD19-FB5F-4FED-A25C-D764D26C1B21}.Release|Any CPU.Build.0 = Release|Any CPU
	EndGlobalSection
	GlobalSection(SolutionProperties) = preSolution
		HideSolutionNode = FALSE
	EndGlobalSection
	GlobalSection(ExtensibilityGlobals) = postSolution
		SolutionGuid = {D3567E8F-C44E-4F33-8F01-7CC79A08BDB4}
	EndGlobalSection
EndGlobal
